
Microsoft Visual Studio Solution File, Format Version 12.00
# Visual Studio Version 16
VisualStudioVersion = 16.0.30204.135
MinimumVisualStudioVersion = 10.0.40219.1
Project("{9A19103F-16F7-4668-BE54-9A1E7A4F7556}") = "StoryProject", "StoryProject.csproj", "{CAB3A7B2-F693-4C03-B266-E132B68BFB24}"
EndProject
Global
	GlobalSection(SolutionConfigurationPlatforms) = preSolution
		Debug|Any CPU = Debug|Any CPU
		Release|Any CPU = Release|Any CPU
	EndGlobalSection
	GlobalSection(ProjectConfigurationPlatforms) = postSolution
		{CAB3A7B2-F693-4C03-B266-E132B68BFB24}.Debug|Any CPU.ActiveCfg = Debug|Any CPU
		{CAB3A7B2-F693-4C03-B266-E132B68BFB24}.Debug|Any CPU.Build.0 = Debug|Any CPU
		{CAB3A7B2-F693-4C03-B266-E132B68BFB24}.Release|Any CPU.ActiveCfg = Release|Any CPU
		{CAB3A7B2-F693-4C03-B266-E132B68BFB24}.Release|Any CPU.Build.0 = Release|Any CPU
	EndGlobalSection
	GlobalSection(SolutionProperties) = preSolution
		HideSolutionNode = FALSE
	EndGlobalSection
	GlobalSection(ExtensibilityGlobals) = postSolution
		SolutionGuid = {7447F531-827D-4060-8122-E41739ABA1B6}
	EndGlobalSection
EndGlobal
